{
  "requires": true,
  "lockfileVersion": 1,
  "dependencies": {
    "v-mask": {
      "version": "2.2.4",
      "resolved": "https://registry.npmjs.org/v-mask/-/v-mask-2.2.4.tgz",
      "integrity": "sha512-d78Rhpz/cCwLsSJ50UJ+volzylU6Iq3O4La1Aj3WTYCM0txfL9chgnCC6FHwNKqfHHtMEjdDh7gmpnsPz6tO6A=="
    },
    "vue": {
      "version": "2.6.14",
      "resolved": "https://registry.npmjs.org/vue/-/vue-2.6.14.tgz",
      "integrity": "sha512-x2284lgYvjOMj3Za7kqzRcUSxBboHqtgRE2zlos1qWaOye5yUmHn42LB1250NJBLRwEcdrB0JRwyPTEPhfQjiQ=="
    }
  }
}
